// !$*UTF8*$!
{
	archiveVersion = 1;
	classes = {
	};
	objectVersion = 56;
	objects = {

/* Begin PBXBuildFile section */
		D32FDB122A260EB6004EA633 /* AppDelegate.swift in Sources */ = {isa = PBXBuildFile; fileRef = D32FDB112A260EB6004EA633 /* AppDelegate.swift */; };
		D32FDB142A260EB6004EA633 /* SceneDelegate.swift in Sources */ = {isa = PBXBuildFile; fileRef = D32FDB132A260EB6004EA633 /* SceneDelegate.swift */; };
		D32FDB162A260EB6004EA633 /* ViewController.swift in Sources */ = {isa = PBXBuildFile; fileRef = D32FDB152A260EB6004EA633 /* ViewController.swift */; };
		D32FDB192A260EB6004EA633 /* Main.storyboard in Resources */ = {isa = PBXBuildFile; fileRef = D32FDB172A260EB6004EA633 /* Main.storyboard */; };
		D32FDB1B2A260EB7004EA633 /* Assets.xcassets in Resources */ = {isa = PBXBuildFile; fileRef = D32FDB1A2A260EB7004EA633 /* Assets.xcassets */; };
		D32FDB1E2A260EB7004EA633 /* LaunchScreen.storyboard in Resources */ = {isa = PBXBuildFile; fileRef = D32FDB1C2A260EB7004EA633 /* LaunchScreen.storyboard */; };
		D32FDB262A260F4F004EA633 /* ToDoCell.xib in Resources */ = {isa = PBXBuildFile; fileRef = D32FDB252A260F4F004EA633 /* ToDoCell.xib */; };
		D32FDB282A261225004EA633 /* ToDoCell.swift in Sources */ = {isa = PBXBuildFile; fileRef = D32FDB272A261225004EA633 /* ToDoCell.swift */; };
		D35B29842A2CC63A006FE399 /* PutVC.swift in Sources */ = {isa = PBXBuildFile; fileRef = D35B29832A2CC63A006FE399 /* PutVC.swift */; };
		D39E6DC72A2B7D0400D84DA2 /* SwipeCellKit in Frameworks */ = {isa = PBXBuildFile; productRef = D39E6DC62A2B7D0400D84DA2 /* SwipeCellKit */; };
		D3A1DBE92A26194E00A0AC94 /* AddVC.swift in Sources */ = {isa = PBXBuildFile; fileRef = D3A1DBE82A26194E00A0AC94 /* AddVC.swift */; };
		D3BE190E2A262C0D00D16234 /* Model.swift in Sources */ = {isa = PBXBuildFile; fileRef = D3BE190D2A262C0D00D16234 /* Model.swift */; };
/* End PBXBuildFile section */

/* Begin PBXFileReference section */
		D32FDB0E2A260EB6004EA633 /* ToDoApp.app */ = {isa = PBXFileReference; explicitFileType = wrapper.application; includeInIndex = 0; path = ToDoApp.app; sourceTree = BUILT_PRODUCTS_DIR; };
		D32FDB112A260EB6004EA633 /* AppDelegate.swift */ = {isa = PBXFileReference; lastKnownFileType = sourcecode.swift; path = AppDelegate.swift; sourceTree = "<group>"; };
		D32FDB132A260EB6004EA633 /* SceneDelegate.swift */ = {isa = PBXFileReference; lastKnownFileType = sourcecode.swift; path = SceneDelegate.swift; sourceTree = "<group>"; };
		D32FDB152A260EB6004EA633 /* ViewController.swift */ = {isa = PBXFileReference; lastKnownFileType = sourcecode.swift; path = ViewController.swift; sourceTree = "<group>"; };
		D32FDB182A260EB6004EA633 /* Base */ = {isa = PBXFileReference; lastKnownFileType = file.storyboard; name = Base; path = Base.lproj/Main.storyboard; sourceTree = "<group>"; };
		D32FDB1A2A260EB7004EA633 /* Assets.xcassets */ = {isa = PBXFileReference; lastKnownFileType = folder.assetcatalog; path = Assets.xcassets; sourceTree = "<group>"; };
		D32FDB1D2A260EB7004EA633 /* Base */ = {isa = PBXFileReference; lastKnownFileType = file.storyboard; name = Base; path = Base.lproj/LaunchScreen.storyboard; sourceTree = "<group>"; };
		D32FDB1F2A260EB7004EA633 /* Info.plist */ = {isa = PBXFileReference; lastKnownFileType = text.plist.xml; path = Info.plist; sourceTree = "<group>"; };
		D32FDB252A260F4F004EA633 /* ToDoCell.xib */ = {isa = PBXFileReference; lastKnownFileType = file.xib; path = ToDoCell.xib; sourceTree = "<group>"; };
		D32FDB272A261225004EA633 /* ToDoCell.swift */ = {isa = PBXFileReference; lastKnownFileType = sourcecode.swift; path = ToDoCell.swift; sourceTree = "<group>"; };
		D35B29832A2CC63A006FE399 /* PutVC.swift */ = {isa = PBXFileReference; lastKnownFileType = sourcecode.swift; path = PutVC.swift; sourceTree = "<group>"; };
		D3A1DBE82A26194E00A0AC94 /* AddVC.swift */ = {isa = PBXFileReference; lastKnownFileType = sourcecode.swift; path = AddVC.swift; sourceTree = "<group>"; };
		D3BE190D2A262C0D00D16234 /* Model.swift */ = {isa = PBXFileReference; lastKnownFileType = sourcecode.swift; path = Model.swift; sourceTree = "<group>"; };
/* End PBXFileReference section */

/* Begin PBXFrameworksBuildPhase section */
		D32FDB0B2A260EB6004EA633 /* Frameworks */ = {
			isa = PBXFrameworksBuildPhase;
			buildActionMask = 2147483647;
			files = (
				D39E6DC72A2B7D0400D84DA2 /* SwipeCellKit in Frameworks */,
			);
			runOnlyForDeploymentPostprocessing = 0;
		};
/* End PBXFrameworksBuildPhase section */

/* Begin PBXGroup section */
		D32FDB052A260EB6004EA633 = {
			isa = PBXGroup;
			children = (
				D32FDB102A260EB6004EA633 /* ToDoApp */,
				D32FDB0F2A260EB6004EA633 /* Products */,
			);
			sourceTree = "<group>";
		};
		D32FDB0F2A260EB6004EA633 /* Products */ = {
			isa = PBXGroup;
			children = (
				D32FDB0E2A260EB6004EA633 /* ToDoApp.app */,
			);
			name = Products;
			sourceTree = "<group>";
		};
		D32FDB102A260EB6004EA633 /* ToDoApp */ = {
			isa = PBXGroup;
			children = (
				D32FDB112A260EB6004EA633 /* AppDelegate.swift */,
				D32FDB132A260EB6004EA633 /* SceneDelegate.swift */,
				D32FDB152A260EB6004EA633 /* ViewController.swift */,
				D3BE190D2A262C0D00D16234 /* Model.swift */,
				D3A1DBE82A26194E00A0AC94 /* AddVC.swift */,
				D35B29832A2CC63A006FE399 /* PutVC.swift */,
				D32FDB252A260F4F004EA633 /* ToDoCell.xib */,
				D32FDB272A261225004EA633 /* ToDoCell.swift */,
				D32FDB172A260EB6004EA633 /* Main.storyboard */,
				D32FDB1A2A260EB7004EA633 /* Assets.xcassets */,
				D32FDB1C2A260EB7004EA633 /* LaunchScreen.storyboard */,
				D32FDB1F2A260EB7004EA633 /* Info.plist */,
			);
			path = ToDoApp;
			sourceTree = "<group>";
		};
/* End PBXGroup section */

/* Begin PBXNativeTarget section */
		D32FDB0D2A260EB6004EA633 /* ToDoApp */ = {
			isa = PBXNativeTarget;
			buildConfigurationList = D32FDB222A260EB7004EA633 /* Build configuration list for PBXNativeTarget "ToDoApp" */;
			buildPhases = (
				D32FDB0A2A260EB6004EA633 /* Sources */,
				D32FDB0B2A260EB6004EA633 /* Frameworks */,
				D32FDB0C2A260EB6004EA633 /* Resources */,
			);
			buildRules = (
			);
			dependencies = (
			);
			name = ToDoApp;
			packageProductDependencies = (
				D39E6DC62A2B7D0400D84DA2 /* SwipeCellKit */,
			);
			productName = ToDoApp;
			productReference = D32FDB0E2A260EB6004EA633 /* ToDoApp.app */;
			productType = "com.apple.product-type.application";
		};
/* End PBXNativeTarget section */

/* Begin PBXProject section */
		D32FDB062A260EB6004EA633 /* Project object */ = {
			isa = PBXProject;
			attributes = {
				BuildIndependentTargetsInParallel = 1;
				LastSwiftUpdateCheck = 1410;
				LastUpgradeCheck = 1410;
				TargetAttributes = {
					D32FDB0D2A260EB6004EA633 = {
						CreatedOnToolsVersion = 14.1;
					};
				};
			};
			buildConfigurationList = D32FDB092A260EB6004EA633 /* Build configuration list for PBXProject "ToDoApp" */;
			compatibilityVersion = "Xcode 14.0";
			developmentRegion = en;
			hasScannedForEncodings = 0;
			knownRegions = (
				en,
				Base,
			);
			mainGroup = D32FDB052A260EB6004EA633;
			packageReferences = (
				D39E6DC52A2B7D0400D84DA2 /* XCRemoteSwiftPackageReference "SwipeCellKit" */,
			);
			productRefGroup = D32FDB0F2A260EB6004EA633 /* Products */;
			projectDirPath = "";
			projectRoot = "";
			targets = (
				D32FDB0D2A260EB6004EA633 /* ToDoApp */,
			);
		};
/* End PBXProject section */

/* Begin PBXResourcesBuildPhase section */
		D32FDB0C2A260EB6004EA633 /* Resources */ = {
			isa = PBXResourcesBuildPhase;
			buildActionMask = 2147483647;
			files = (
				D32FDB1E2A260EB7004EA633 /* LaunchScreen.storyboard in Resources */,
				D32FDB1B2A260EB7004EA633 /* Assets.xcassets in Resources */,
				D32FDB192A260EB6004EA633 /* Main.storyboard in Resources */,
				D32FDB262A260F4F004EA633 /* ToDoCell.xib in Resources */,
			);
			runOnlyForDeploymentPostprocessing = 0;
		};
/* End PBXResourcesBuildPhase section */

/* Begin PBXSourcesBuildPhase section */
		D32FDB0A2A260EB6004EA633 /* Sources */ = {
			isa = PBXSourcesBuildPhase;
			buildActionMask = 2147483647;
			files = (
				D32FDB162A260EB6004EA633 /* ViewController.swift in Sources */,
				D32FDB122A260EB6004EA633 /* AppDelegate.swift in Sources */,
				D32FDB142A260EB6004EA633 /* SceneDelegate.swift in Sources */,
				D3BE190E2A262C0D00D16234 /* Model.swift in Sources */,
				D35B29842A2CC63A006FE399 /* PutVC.swift in Sources */,
				D32FDB282A261225004EA633 /* ToDoCell.swift in Sources */,
				D3A1DBE92A26194E00A0AC94 /* AddVC.swift in Sources */,
			);
			runOnlyForDeploymentPostprocessing = 0;
		};
/* End PBXSourcesBuildPhase section */

/* Begin PBXVariantGroup section */
		D32FDB172A260EB6004EA633 /* Main.storyboard */ = {
			isa = PBXVariantGroup;
			children = (
				D32FDB182A260EB6004EA633 /* Base */,
			);
			name = Main.storyboard;
			sourceTree = "<group>";
		};
		D32FDB1C2A260EB7004EA633 /* LaunchScreen.storyboard */ = {
			isa = PBXVariantGroup;
			children = (
				D32FDB1D2A260EB7004EA633 /* Base */,
			);
			name = LaunchScreen.storyboard;
			sourceTree = "<group>";
		};
/* End PBXVariantGroup section */

/* Begin XCBuildConfiguration section */
		D32FDB202A260EB7004EA633 /* Debug */ = {
			isa = XCBuildConfiguration;
			buildSettings = {
				ALWAYS_SEARCH_USER_PATHS = NO;
				CLANG_ANALYZER_NONNULL = YES;
				CLANG_ANALYZER_NUMBER_OBJECT_CONVERSION = YES_AGGRESSIVE;
				CLANG_CXX_LANGUAGE_STANDARD = "gnu++20";
				CLANG_ENABLE_MODULES = YES;
				CLANG_ENABLE_OBJC_ARC = YES;
				CLANG_ENABLE_OBJC_WEAK = YES;
				CLANG_WARN_BLOCK_CAPTURE_AUTORELEASING = YES;
				CLANG_WARN_BOOL_CONVERSION = YES;
				CLANG_WARN_COMMA = YES;
				CLANG_WARN_CONSTANT_CONVERSION = YES;
				CLANG_WARN_DEPRECATED_OBJC_IMPLEMENTATIONS = YES;
				CLANG_WARN_DIRECT_OBJC_ISA_USAGE = YES_ERROR;
				CLANG_WARN_DOCUMENTATION_COMMENTS = YES;
				CLANG_WARN_EMPTY_BODY = YES;
				CLANG_WARN_ENUM_CONVERSION = YES;
				CLANG_WARN_INFINITE_RECURSION = YES;
				CLANG_WARN_INT_CONVERSION = YES;
				CLANG_WARN_NON_LITERAL_NULL_CONVERSION = YES;
				CLANG_WARN_OBJC_IMPLICIT_RETAIN_SELF = YES;
				CLANG_WARN_OBJC_LITERAL_CONVERSION = YES;
				CLANG_WARN_OBJC_ROOT_CLASS = YES_ERROR;
				CLANG_WARN_QUOTED_INCLUDE_IN_FRAMEWORK_HEADER = YES;
				CLANG_WARN_RANGE_LOOP_ANALYSIS = YES;
				CLANG_WARN_STRICT_PROTOTYPES = YES;
				CLANG_WARN_SUSPICIOUS_MOVE = YES;
				CLANG_WARN_UNGUARDED_AVAILABILITY = YES_AGGRESSIVE;
				CLANG_WARN_UNREACHABLE_CODE = YES;
				CLANG_WARN__DUPLICATE_METHOD_MATCH = YES;
				COPY_PHASE_STRIP = NO;
				DEBUG_INFORMATION_FORMAT = dwarf;
				ENABLE_STRICT_OBJC_MSGSEND = YES;
				ENABLE_TESTABILITY = YES;
				GCC_C_LANGUAGE_STANDARD = gnu11;
				GCC_DYNAMIC_NO_PIC = NO;
				GCC_NO_COMMON_BLOCKS = YES;
				GCC_OPTIMIZATION_LEVEL = 0;
				GCC_PREPROCESSOR_DEFINITIONS = (
					"DEBUG=1",
					"$(inherited)",
				);
				GCC_WARN_64_TO_32_BIT_CONVERSION = YES;
				GCC_WARN_ABOUT_RETURN_TYPE = YES_ERROR;
				GCC_WARN_UNDECLARED_SELECTOR = YES;
				GCC_WARN_UNINITIALIZED_AUTOS = YES_AGGRESSIVE;
				GCC_WARN_UNUSED_FUNCTION = YES;
				GCC_WARN_UNUSED_VARIABLE = YES;
				IPHONEOS_DEPLOYMENT_TARGET = 16.1;
				MTL_ENABLE_DEBUG_INFO = INCLUDE_SOURCE;
				MTL_FAST_MATH = YES;
				ONLY_ACTIVE_ARCH = YES;
				SDKROOT = iphoneos;
				SWIFT_ACTIVE_COMPILATION_CONDITIONS = DEBUG;
				SWIFT_OPTIMIZATION_LEVEL = "-Onone";
			};
			name = Debug;
		};
		D32FDB212A260EB7004EA633 /* Release */ = {
			isa = XCBuildConfiguration;
			buildSettings = {
				ALWAYS_SEARCH_USER_PATHS = NO;
				CLANG_ANALYZER_NONNULL = YES;
				CLANG_ANALYZER_NUMBER_OBJECT_CONVERSION = YES_AGGRESSIVE;
				CLANG_CXX_LANGUAGE_STANDARD = "gnu++20";
				CLANG_ENABLE_MODULES = YES;
				CLANG_ENABLE_OBJC_ARC = YES;
				CLANG_ENABLE_OBJC_WEAK = YES;
				CLANG_WARN_BLOCK_CAPTURE_AUTORELEASING = YES;
				CLANG_WARN_BOOL_CONVERSION = YES;
				CLANG_WARN_COMMA = YES;
				CLANG_WARN_CONSTANT_CONVERSION = YES;
				CLANG_WARN_DEPRECATED_OBJC_IMPLEMENTATIONS = YES;
				CLANG_WARN_DIRECT_OBJC_ISA_USAGE = YES_ERROR;
				CLANG_WARN_DOCUMENTATION_COMMENTS = YES;
				CLANG_WARN_EMPTY_BODY = YES;
				CLANG_WARN_ENUM_CONVERSION = YES;
				CLANG_WARN_INFINITE_RECURSION = YES;
				CLANG_WARN_INT_CONVERSION = YES;
				CLANG_WARN_NON_LITERAL_NULL_CONVERSION = YES;
				CLANG_WARN_OBJC_IMPLICIT_RETAIN_SELF = YES;
				CLANG_WARN_OBJC_LITERAL_CONVERSION = YES;
				CLANG_WARN_OBJC_ROOT_CLASS = YES_ERROR;
				CLANG_WARN_QUOTED_INCLUDE_IN_FRAMEWORK_HEADER = YES;
				CLANG_WARN_RANGE_LOOP_ANALYSIS = YES;
				CLANG_WARN_STRICT_PROTOTYPES = YES;
				CLANG_WARN_SUSPICIOUS_MOVE = YES;
				CLANG_WARN_UNGUARDED_AVAILABILITY = YES_AGGRESSIVE;
				CLANG_WARN_UNREACHABLE_CODE = YES;
				CLANG_WARN__DUPLICATE_METHOD_MATCH = YES;
				COPY_PHASE_STRIP = NO;
				DEBUG_INFORMATION_FORMAT = "dwarf-with-dsym";
				ENABLE_NS_ASSERTIONS = NO;
				ENABLE_STRICT_OBJC_MSGSEND = YES;
				GCC_C_LANGUAGE_STANDARD = gnu11;
				GCC_NO_COMMON_BLOCKS = YES;
				GCC_WARN_64_TO_32_BIT_CONVERSION = YES;
				GCC_WARN_ABOUT_RETURN_TYPE = YES_ERROR;
				GCC_WARN_UNDECLARED_SELECTOR = YES;
				GCC_WARN_UNINITIALIZED_AUTOS = YES_AGGRESSIVE;
				GCC_WARN_UNUSED_FUNCTION = YES;
				GCC_WARN_UNUSED_VARIABLE = YES;
				IPHONEOS_DEPLOYMENT_TARGET = 16.1;
				MTL_ENABLE_DEBUG_INFO = NO;
				MTL_FAST_MATH = YES;
				SDKROOT = iphoneos;
				SWIFT_COMPILATION_MODE = wholemodule;
				SWIFT_OPTIMIZATION_LEVEL = "-O";
				VALIDATE_PRODUCT = YES;
			};
			name = Release;
		};
		D32FDB232A260EB7004EA633 /* Debug */ = {
			isa = XCBuildConfiguration;
			buildSettings = {
				ASSETCATALOG_COMPILER_APPICON_NAME = AppIcon;
				ASSETCATALOG_COMPILER_GLOBAL_ACCENT_COLOR_NAME = AccentColor;
				CODE_SIGN_STYLE = Automatic;
				CURRENT_PROJECT_VERSION = 1;
				GENERATE_INFOPLIST_FILE = YES;
				INFOPLIST_FILE = ToDoApp/Info.plist;
				INFOPLIST_KEY_UIApplicationSupportsIndirectInputEvents = YES;
				INFOPLIST_KEY_UILaunchStoryboardName = LaunchScreen;
				INFOPLIST_KEY_UIMainStoryboardFile = Main;
				INFOPLIST_KEY_UISupportedInterfaceOrientations_iPad = "UIInterfaceOrientationPortrait UIInterfaceOrientationPortraitUpsideDown UIInterfaceOrientationLandscapeLeft UIInterfaceOrientationLandscapeRight";
				INFOPLIST_KEY_UISupportedInterfaceOrientations_iPhone = "UIInterfaceOrientationPortrait UIInterfaceOrientationLandscapeLeft UIInterfaceOrientationLandscapeRight";
				LD_RUNPATH_SEARCH_PATHS = (
					"$(inherited)",
					"@executable_path/Frameworks",
				);
				MARKETING_VERSION = 1.0;
				PRODUCT_BUNDLE_IDENTIFIER = com.haru.ToDoApp;
				PRODUCT_NAME = "$(TARGET_NAME)";
				SWIFT_EMIT_LOC_STRINGS = YES;
				SWIFT_VERSION = 5.0;
				TARGETED_DEVICE_FAMILY = "1,2";
			};
			name = Debug;
		};
		D32FDB242A260EB7004EA633 /* Release */ = {
			isa = XCBuildConfiguration;
			buildSettings = {
				ASSETCATALOG_COMPILER_APPICON_NAME = AppIcon;
				ASSETCATALOG_COMPILER_GLOBAL_ACCENT_COLOR_NAME = AccentColor;
				CODE_SIGN_STYLE = Automatic;
				CURRENT_PROJECT_VERSION = 1;
				GENERATE_INFOPLIST_FILE = YES;
				INFOPLIST_FILE = ToDoApp/Info.plist;
				INFOPLIST_KEY_UIApplicationSupportsIndirectInputEvents = YES;
				INFOPLIST_KEY_UILaunchStoryboardName = LaunchScreen;
				INFOPLIST_KEY_UIMainStoryboardFile = Main;
				INFOPLIST_KEY_UISupportedInterfaceOrientations_iPad = "UIInterfaceOrientationPortrait UIInterfaceOrientationPortraitUpsideDown UIInterfaceOrientationLandscapeLeft UIInterfaceOrientationLandscapeRight";
				INFOPLIST_KEY_UISupportedInterfaceOrientations_iPhone = "UIInterfaceOrientationPortrait UIInterfaceOrientationLandscapeLeft UIInterfaceOrientationLandscapeRight";
				LD_RUNPATH_SEARCH_PATHS = (
					"$(inherited)",
					"@executable_path/Frameworks",
				);
				MARKETING_VERSION = 1.0;
				PRODUCT_BUNDLE_IDENTIFIER = com.haru.ToDoApp;
				PRODUCT_NAME = "$(TARGET_NAME)";
				SWIFT_EMIT_LOC_STRINGS = YES;
				SWIFT_VERSION = 5.0;
				TARGETED_DEVICE_FAMILY = "1,2";
			};
			name = Release;
		};
/* End XCBuildConfiguration section */

/* Begin XCConfigurationList section */
		D32FDB092A260EB6004EA633 /* Build configuration list for PBXProject "ToDoApp" */ = {
			isa = XCConfigurationList;
			buildConfigurations = (
				D32FDB202A260EB7004EA633 /* Debug */,
				D32FDB212A260EB7004EA633 /* Release */,
			);
			defaultConfigurationIsVisible = 0;
			defaultConfigurationName = Release;
		};
		D32FDB222A260EB7004EA633 /* Build configuration list for PBXNativeTarget "ToDoApp" */ = {
			isa = XCConfigurationList;
			buildConfigurations = (
				D32FDB232A260EB7004EA633 /* Debug */,
				D32FDB242A260EB7004EA633 /* Release */,
			);
			defaultConfigurationIsVisible = 0;
			defaultConfigurationName = Release;
		};
/* End XCConfigurationList section */

/* Begin XCRemoteSwiftPackageReference section */
		D39E6DC52A2B7D0400D84DA2 /* XCRemoteSwiftPackageReference "SwipeCellKit" */ = {
			isa = XCRemoteSwiftPackageReference;
			repositoryURL = "https://github.com/SwipeCellKit/SwipeCellKit";
			requirement = {
				kind = upToNextMajorVersion;
				minimumVersion = 2.0.0;
			};
		};
/* End XCRemoteSwiftPackageReference section */

/* Begin XCSwiftPackageProductDependency section */
		D39E6DC62A2B7D0400D84DA2 /* SwipeCellKit */ = {
			isa = XCSwiftPackageProductDependency;
			package = D39E6DC52A2B7D0400D84DA2 /* XCRemoteSwiftPackageReference "SwipeCellKit" */;
			productName = SwipeCellKit;
		};
/* End XCSwiftPackageProductDependency section */
	};
	rootObject = D32FDB062A260EB6004EA633 /* Project object */;
}
